
Microsoft Visual Studio Solution File, Format Version 12.00
# Visual Studio Version 16
VisualStudioVersion = 16.0.29728.190
MinimumVisualStudioVersion = 10.0.40219.1
Project("{FAE04EC0-301F-11D3-BF4B-00C04F79EFBC}") = "CA2", "CA2\CA2.csproj", "{615738A9-475E-4621-9733-FC59ED9E4402}"
EndProject
Global
	GlobalSection(SolutionConfigurationPlatforms) = preSolution
		Debug|Any CPU = Debug|Any CPU
		Release|Any CPU = Release|Any CPU
	EndGlobalSection
	GlobalSection(ProjectConfigurationPlatforms) = postSolution
		{615738A9-475E-4621-9733-FC59ED9E4402}.Debug|Any CPU.ActiveCfg = Debug|Any CPU
		{615738A9-475E-4621-9733-FC59ED9E4402}.Debug|Any CPU.Build.0 = Debug|Any CPU
		{615738A9-475E-4621-9733-FC59ED9E4402}.Release|Any CPU.ActiveCfg = Release|Any CPU
		{615738A9-475E-4621-9733-FC59ED9E4402}.Release|Any CPU.Build.0 = Release|Any CPU
	EndGlobalSection
	GlobalSection(SolutionProperties) = preSolution
		HideSolutionNode = FALSE
	EndGlobalSection
	GlobalSection(ExtensibilityGlobals) = postSolution
		SolutionGuid = {692BBF99-F8BA-4EF2-82E8-265A35B22C3E}
	EndGlobalSection
EndGlobal
